
Microsoft Visual Studio Solution File, Format Version 12.00
# Visual Studio Version 17
VisualStudioVersion = 17.2.32505.173
MinimumVisualStudioVersion = 10.0.40219.1
Project("{9A19103F-16F7-4668-BE54-9A1E7A4F7556}") = "OnlineShopWebApp", "OnlineShopWebApp\OnlineShopWebApp.csproj", "{236C0DB5-4F83-4667-A9E5-3CE11924CD61}"
EndProject
Project("{FAE04EC0-301F-11D3-BF4B-00C04F79EFBC}") = "OnlineShop.Db", "OnlineShop.Db\OnlineShop.Db.csproj", "{9316109F-7667-4048-8CDA-442FD1CBAD30}"
EndProject
Global
	GlobalSection(SolutionConfigurationPlatforms) = preSolution
		Debug|Any CPU = Debug|Any CPU
		Release|Any CPU = Release|Any CPU
	EndGlobalSection
	GlobalSection(ProjectConfigurationPlatforms) = postSolution
		{236C0DB5-4F83-4667-A9E5-3CE11924CD61}.Debug|Any CPU.ActiveCfg = Debug|Any CPU
		{236C0DB5-4F83-4667-A9E5-3CE11924CD61}.Debug|Any CPU.Build.0 = Debug|Any CPU
		{236C0DB5-4F83-4667-A9E5-3CE11924CD61}.Release|Any CPU.ActiveCfg = Release|Any CPU
		{236C0DB5-4F83-4667-A9E5-3CE11924CD61}.Release|Any CPU.Build.0 = Release|Any CPU
		{9316109F-7667-4048-8CDA-442FD1CBAD30}.Debug|Any CPU.ActiveCfg = Debug|Any CPU
		{9316109F-7667-4048-8CDA-442FD1CBAD30}.Debug|Any CPU.Build.0 = Debug|Any CPU
		{9316109F-7667-4048-8CDA-442FD1CBAD30}.Release|Any CPU.ActiveCfg = Release|Any CPU
		{9316109F-7667-4048-8CDA-442FD1CBAD30}.Release|Any CPU.Build.0 = Release|Any CPU
	EndGlobalSection
	GlobalSection(SolutionProperties) = preSolution
		HideSolutionNode = FALSE
	EndGlobalSection
	GlobalSection(ExtensibilityGlobals) = postSolution
		SolutionGuid = {9353DBEC-E2B0-4696-ABB3-A91F5CEC67EB}
	EndGlobalSection
EndGlobal
